
Microsoft Visual Studio Solution File, Format Version 12.00
# Visual Studio Version 16
VisualStudioVersion = 16.0.29709.97
MinimumVisualStudioVersion = 10.0.40219.1
Project("{8BC9CEB8-8B4A-11D0-8D11-00A0C91BC942}") = "vk_triangle", "vk_triangle.vcxproj", "{3806F386-69FE-4B6B-A3BB-747A957F7D42}"
EndProject
Global
	GlobalSection(SolutionConfigurationPlatforms) = preSolution
		Debug|x64 = Debug|x64
		Debug|x86 = Debug|x86
		Release|x64 = Release|x64
		Release|x86 = Release|x86
	EndGlobalSection
	GlobalSection(ProjectConfigurationPlatforms) = postSolution
		{3806F386-69FE-4B6B-A3BB-747A957F7D42}.Debug|x64.ActiveCfg = Debug|x64
		{3806F386-69FE-4B6B-A3BB-747A957F7D42}.Debug|x64.Build.0 = Debug|x64
		{3806F386-69FE-4B6B-A3BB-747A957F7D42}.Debug|x86.ActiveCfg = Debug|Win32
		{3806F386-69FE-4B6B-A3BB-747A957F7D42}.Debug|x86.Build.0 = Debug|Win32
		{3806F386-69FE-4B6B-A3BB-747A957F7D42}.Release|x64.ActiveCfg = Release|x64
		{3806F386-69FE-4B6B-A3BB-747A957F7D42}.Release|x64.Build.0 = Release|x64
		{3806F386-69FE-4B6B-A3BB-747A957F7D42}.Release|x86.ActiveCfg = Release|Win32
		{3806F386-69FE-4B6B-A3BB-747A957F7D42}.Release|x86.Build.0 = Release|Win32
	EndGlobalSection
	GlobalSection(SolutionProperties) = preSolution
		HideSolutionNode = FALSE
	EndGlobalSection
	GlobalSection(ExtensibilityGlobals) = postSolution
		SolutionGuid = {497E499D-49CC-4910-897F-3101EC1C6A47}
	EndGlobalSection
EndGlobal
